
Microsoft Visual Studio Solution File, Format Version 12.00
# Visual Studio Version 16
VisualStudioVersion = 16.0.31019.35
MinimumVisualStudioVersion = 10.0.40219.1
Project("{9A19103F-16F7-4668-BE54-9A1E7A4F7556}") = "eShop.Domain", "src\eShop.Domain\eShop.Domain.csproj", "{FA0E8C62-55B4-48F8-85CC-2015BB609CC1}"
EndProject
Project("{2150E333-8FDC-42A3-9474-1A3956D46DE8}") = "src", "src", "{DE5B68B1-C765-4730-B38F-3D5335E666CE}"
EndProject
Project("{2150E333-8FDC-42A3-9474-1A3956D46DE8}") = "Solution Items", "Solution Items", "{471C4C30-2C4B-4B13-8A22-F0636FEC1BBF}"
	ProjectSection(SolutionItems) = preProject
		.editorconfig = .editorconfig
		Directory.Build.props = Directory.Build.props
		Directory.Packages.props = Directory.Packages.props
	EndProjectSection
EndProject
Project("{9A19103F-16F7-4668-BE54-9A1E7A4F7556}") = "eShop.Common", "src\eShop.Common\eShop.Common.csproj", "{92AFE2C4-E5C9-4788-8E0A-C8A318A2360D}"
EndProject
Project("{9A19103F-16F7-4668-BE54-9A1E7A4F7556}") = "eShop.Infrastructure", "src\eShop.Infrastructure\eShop.Infrastructure.csproj", "{DE3C33CA-FA83-4827-90F0-77E01BA79414}"
EndProject
Project("{9A19103F-16F7-4668-BE54-9A1E7A4F7556}") = "eShop.Api", "src\eShop.Api\eShop.Api.csproj", "{02157A1F-0520-4100-9726-6D96A1FD050E}"
EndProject
Project("{9A19103F-16F7-4668-BE54-9A1E7A4F7556}") = "eShop.Application", "src\eShop.Application\eShop.Application.csproj", "{99582AAA-C33E-4BC1-8A12-CDC29759B44A}"
EndProject
Project("{E53339B2-1760-4266-BCC7-CA923CBCF16C}") = "docker-compose", "docker-compose.dcproj", "{EAA35A7C-ECDC-4884-924A-BFC36C6AFA99}"
EndProject
Project("{2150E333-8FDC-42A3-9474-1A3956D46DE8}") = "api", "api", "{E1CD200E-E4F0-40E1-AF77-6AE8FF3158A1}"
EndProject
Project("{2150E333-8FDC-42A3-9474-1A3956D46DE8}") = "auth", "auth", "{FDB7AF13-7A13-4828-8CD4-C3FCFA6752CC}"
EndProject
Project("{2150E333-8FDC-42A3-9474-1A3956D46DE8}") = "ui", "ui", "{22E79163-EA72-48DD-B599-C7885E43A775}"
EndProject
Project("{9A19103F-16F7-4668-BE54-9A1E7A4F7556}") = "eShop.Auth", "src\eShop.Auth\eShop.Auth.csproj", "{98CD8894-E003-4E1C-8027-86B070C1F59E}"
EndProject
Project("{FAE04EC0-301F-11D3-BF4B-00C04F79EFBC}") = "eShop.UI.Blazor", "src\eShop.UI.Blazor\eShop.UI.Blazor.csproj", "{98B74006-52BE-44FA-91EA-20BDFEA95FB0}"
EndProject
Global
	GlobalSection(SolutionConfigurationPlatforms) = preSolution
		Debug|Any CPU = Debug|Any CPU
		Release|Any CPU = Release|Any CPU
	EndGlobalSection
	GlobalSection(ProjectConfigurationPlatforms) = postSolution
		{FA0E8C62-55B4-48F8-85CC-2015BB609CC1}.Debug|Any CPU.ActiveCfg = Debug|Any CPU
		{FA0E8C62-55B4-48F8-85CC-2015BB609CC1}.Debug|Any CPU.Build.0 = Debug|Any CPU
		{FA0E8C62-55B4-48F8-85CC-2015BB609CC1}.Release|Any CPU.ActiveCfg = Release|Any CPU
		{FA0E8C62-55B4-48F8-85CC-2015BB609CC1}.Release|Any CPU.Build.0 = Release|Any CPU
		{92AFE2C4-E5C9-4788-8E0A-C8A318A2360D}.Debug|Any CPU.ActiveCfg = Debug|Any CPU
		{92AFE2C4-E5C9-4788-8E0A-C8A318A2360D}.Debug|Any CPU.Build.0 = Debug|Any CPU
		{92AFE2C4-E5C9-4788-8E0A-C8A318A2360D}.Release|Any CPU.ActiveCfg = Release|Any CPU
		{92AFE2C4-E5C9-4788-8E0A-C8A318A2360D}.Release|Any CPU.Build.0 = Release|Any CPU
		{DE3C33CA-FA83-4827-90F0-77E01BA79414}.Debug|Any CPU.ActiveCfg = Debug|Any CPU
		{DE3C33CA-FA83-4827-90F0-77E01BA79414}.Debug|Any CPU.Build.0 = Debug|Any CPU
		{DE3C33CA-FA83-4827-90F0-77E01BA79414}.Release|Any CPU.ActiveCfg = Release|Any CPU
		{DE3C33CA-FA83-4827-90F0-77E01BA79414}.Release|Any CPU.Build.0 = Release|Any CPU
		{02157A1F-0520-4100-9726-6D96A1FD050E}.Debug|Any CPU.ActiveCfg = Debug|Any CPU
		{02157A1F-0520-4100-9726-6D96A1FD050E}.Debug|Any CPU.Build.0 = Debug|Any CPU
		{02157A1F-0520-4100-9726-6D96A1FD050E}.Release|Any CPU.ActiveCfg = Release|Any CPU
		{02157A1F-0520-4100-9726-6D96A1FD050E}.Release|Any CPU.Build.0 = Release|Any CPU
		{99582AAA-C33E-4BC1-8A12-CDC29759B44A}.Debug|Any CPU.ActiveCfg = Debug|Any CPU
		{99582AAA-C33E-4BC1-8A12-CDC29759B44A}.Debug|Any CPU.Build.0 = Debug|Any CPU
		{99582AAA-C33E-4BC1-8A12-CDC29759B44A}.Release|Any CPU.ActiveCfg = Release|Any CPU
		{99582AAA-C33E-4BC1-8A12-CDC29759B44A}.Release|Any CPU.Build.0 = Release|Any CPU
		{EAA35A7C-ECDC-4884-924A-BFC36C6AFA99}.Debug|Any CPU.ActiveCfg = Debug|Any CPU
		{EAA35A7C-ECDC-4884-924A-BFC36C6AFA99}.Debug|Any CPU.Build.0 = Debug|Any CPU
		{EAA35A7C-ECDC-4884-924A-BFC36C6AFA99}.Release|Any CPU.ActiveCfg = Release|Any CPU
		{EAA35A7C-ECDC-4884-924A-BFC36C6AFA99}.Release|Any CPU.Build.0 = Release|Any CPU
		{98CD8894-E003-4E1C-8027-86B070C1F59E}.Debug|Any CPU.ActiveCfg = Debug|Any CPU
		{98CD8894-E003-4E1C-8027-86B070C1F59E}.Debug|Any CPU.Build.0 = Debug|Any CPU
		{98CD8894-E003-4E1C-8027-86B070C1F59E}.Release|Any CPU.ActiveCfg = Release|Any CPU
		{98CD8894-E003-4E1C-8027-86B070C1F59E}.Release|Any CPU.Build.0 = Release|Any CPU
		{98B74006-52BE-44FA-91EA-20BDFEA95FB0}.Debug|Any CPU.ActiveCfg = Debug|Any CPU
		{98B74006-52BE-44FA-91EA-20BDFEA95FB0}.Debug|Any CPU.Build.0 = Debug|Any CPU
		{98B74006-52BE-44FA-91EA-20BDFEA95FB0}.Release|Any CPU.ActiveCfg = Release|Any CPU
		{98B74006-52BE-44FA-91EA-20BDFEA95FB0}.Release|Any CPU.Build.0 = Release|Any CPU
	EndGlobalSection
	GlobalSection(SolutionProperties) = preSolution
		HideSolutionNode = FALSE
	EndGlobalSection
	GlobalSection(NestedProjects) = preSolution
		{FA0E8C62-55B4-48F8-85CC-2015BB609CC1} = {E1CD200E-E4F0-40E1-AF77-6AE8FF3158A1}
		{92AFE2C4-E5C9-4788-8E0A-C8A318A2360D} = {E1CD200E-E4F0-40E1-AF77-6AE8FF3158A1}
		{DE3C33CA-FA83-4827-90F0-77E01BA79414} = {E1CD200E-E4F0-40E1-AF77-6AE8FF3158A1}
		{02157A1F-0520-4100-9726-6D96A1FD050E} = {E1CD200E-E4F0-40E1-AF77-6AE8FF3158A1}
		{99582AAA-C33E-4BC1-8A12-CDC29759B44A} = {E1CD200E-E4F0-40E1-AF77-6AE8FF3158A1}
		{E1CD200E-E4F0-40E1-AF77-6AE8FF3158A1} = {DE5B68B1-C765-4730-B38F-3D5335E666CE}
		{FDB7AF13-7A13-4828-8CD4-C3FCFA6752CC} = {DE5B68B1-C765-4730-B38F-3D5335E666CE}
		{22E79163-EA72-48DD-B599-C7885E43A775} = {DE5B68B1-C765-4730-B38F-3D5335E666CE}
		{98CD8894-E003-4E1C-8027-86B070C1F59E} = {FDB7AF13-7A13-4828-8CD4-C3FCFA6752CC}
		{98B74006-52BE-44FA-91EA-20BDFEA95FB0} = {22E79163-EA72-48DD-B599-C7885E43A775}
	EndGlobalSection
	GlobalSection(ExtensibilityGlobals) = postSolution
		SolutionGuid = {F8ACF974-B135-4B9F-AB8D-2D80798F8FC2}
	EndGlobalSection
EndGlobal
